# THIS IS AN AUTOGENERATED FILE. DO NOT EDIT THIS FILE DIRECTLY.
# yarn lockfile v1


"@dalisoft/args@^0.1.1":
  version "0.1.1"
  resolved "https://registry.yarnpkg.com/@dalisoft/args/-/args-0.1.1.tgz#54a8e8e932de3ac0ef7ab39e83c58f1464d7d306"
  integrity sha512-PwmLEhnTyK6+AUwD0oqS57nLs1vpB17vEDlMc1i27zH8mrtFJmBmYfQv4FszoUHDHv3PtFk8M0X9yWxry2TSwA==

"@dalisoft/events@^0.2.0":
  version "0.2.0"
  resolved "https://registry.yarnpkg.com/@dalisoft/events/-/events-0.2.0.tgz#30ea60c77a8479afd272a19b401e562dcad04dc8"
  integrity sha512-2NS/0vS9eL8ZxhgCVZQgPS4uoqbcSk9FN3G8Eqakcej7wOpH72z1kmDEDGI5T+MOp9IueKT2qI0XUdXhKeK9GA==
  dependencies:
    "@dalisoft/args" "^0.1.1"

ajv@^8.11.0:
  version "8.11.0"
  resolved "https://registry.yarnpkg.com/ajv/-/ajv-8.11.0.tgz#977e91dd96ca669f54a11e23e378e33b884a565f"
  integrity sha512-wGgprdCvMalC0BztXvitD2hC04YffAvtsUn93JbGXYLAtCUO4xd17mCCZQxUOItiBwZvJScWo8NIvQMQ71rdpg==
  dependencies:
    fast-deep-equal "^3.1.1"
    json-schema-traverse "^1.0.0"
    require-from-string "^2.0.2"
    uri-js "^4.2.2"

cookie@^0.4.2:
  version "0.4.2"
  resolved "https://registry.yarnpkg.com/cookie/-/cookie-0.4.2.tgz#0e41f24de5ecf317947c82fc789e06a884824432"
  integrity sha512-aSWTXFzaKWkvHO1Ny/s+ePFpvKsPnjc551iI41v3ny/ow6tBG5Vd+FuqGNhh1LxOmVzOlGUriIlOaokOvhaStA==

fast-decode-uri-component@^1.0.1:
  version "1.0.1"
  resolved "https://registry.yarnpkg.com/fast-decode-uri-component/-/fast-decode-uri-component-1.0.1.tgz#46f8b6c22b30ff7a81357d4f59abfae938202543"
  integrity sha512-WKgKWg5eUxvRZGwW8FvfbaH7AXSh2cL+3j5fMGzUMCxWBJ3dV3a7Wz8y2f/uQ0e3B6WmodD3oS54jTQ9HVTIIg==

fast-deep-equal@^3.1.1:
  version "3.1.3"
  resolved "https://registry.yarnpkg.com/fast-deep-equal/-/fast-deep-equal-3.1.3.tgz#3a7d56b559d6cbc3eb512325244e619a65c6c525"
  integrity sha512-f3qQ9oQy9j2AhBe/H9VC91wLmKBCCU/gDOnKNAYG5hswO7BLKj09Hc5HYNz9cGI++xlpDCIgDaitVs03ATR84Q==

fast-query-parse@^2.0.3:
  version "2.0.3"
  resolved "https://registry.yarnpkg.com/fast-query-parse/-/fast-query-parse-2.0.3.tgz#9f83b9721ff34c094d029ddaa5fd3e2ccd38959b"
  integrity sha512-pZa/S3EQDdImAz2eZ3qtSQwIcQq0u5tzrkxgayqE6dnvyLnPQ2ScDcw0vLrCi/9YXl7szHkf3NAy+6Iw2dtMaQ==
  dependencies:
    fast-decode-uri-component "^1.0.1"

json-schema-traverse@^1.0.0:
  version "1.0.0"
  resolved "https://registry.yarnpkg.com/json-schema-traverse/-/json-schema-traverse-1.0.0.tgz#ae7bcb3656ab77a73ba5c49bf654f38e6b6860e2"
  integrity sha512-NM8/P9n3XjXhIZn1lLhkFaACTOURQXjWhV4BA/RnOv8xvgqtqpAX9IO4mRQxSx1Rlo4tqzeqb0sOlruaOy3dug==

nanoexpress@^5.2.3:
  version "5.2.4"
  resolved "https://registry.yarnpkg.com/nanoexpress/-/nanoexpress-5.2.4.tgz#8df3725d316e94b4ca6e76c94d203043e70a1479"
  integrity sha512-zwvKntlzxkUVcKJAE0tz5Tg8xA1yaoy+JVEU4kp+/b7xbBcI6w90pqdVPa8JKoNgZ51+iIQerffd42zMFoXDJg==
  dependencies:
    "@dalisoft/events" "^0.2.0"
    ajv "^8.11.0"
    cookie "^0.4.2"
    fast-query-parse "^2.0.3"
    uWebSockets.js "https://github.com/uNetworking/uWebSockets.js/archive/v20.6.0.tar.gz"

punycode@^2.1.0:
  version "2.1.1"
  resolved "https://registry.yarnpkg.com/punycode/-/punycode-2.1.1.tgz#b58b010ac40c22c5657616c8d2c2c02c7bf479ec"
  integrity sha512-XRsRjdf+j5ml+y/6GKHPZbrF/8p2Yga0JPtdqTIY2Xe5ohJPD9saDJJLPvp9+NSBprVvevdXZybnj2cv8OEd0A==

require-from-string@^2.0.2:
  version "2.0.2"
  resolved "https://registry.yarnpkg.com/require-from-string/-/require-from-string-2.0.2.tgz#89a7fdd938261267318eafe14f9c32e598c36909"
  integrity sha512-Xf0nWe6RseziFMu+Ap9biiUbmplq6S9/p+7w7YXP/JBHhrUDDUhwa+vANyubuqfZWTveU//DYVGsDG7RKL/vEw==

"uWebSockets.js@https://github.com/uNetworking/uWebSockets.js/archive/v20.6.0.tar.gz":
  version "20.6.0"
  resolved "https://github.com/uNetworking/uWebSockets.js/archive/v20.6.0.tar.gz#9bd623eef840734761995cd78c8c6e0eee0d71f1"

uri-js@^4.2.2:
  version "4.4.1"
  resolved "https://registry.yarnpkg.com/uri-js/-/uri-js-4.4.1.tgz#9b1a52595225859e55f669d928f88c6c57f2a77e"
  integrity sha512-7rKUyy33Q1yc98pQ1DAmLtwX109F7TIfWlW1Ydo8Wl1ii1SeHieeh0HHfPeL2fMXK6z0s8ecKs9frCuLJvndBg==
  dependencies:
    punycode "^2.1.0"
